// !$*UTF8*$!
{
	archiveVersion = 1;
	classes = {
	};
	objectVersion = 46;
	objects = {

/* Begin PBXBuildFile section */
		67508C16142A204D00FDF1BC /* UIKit.framework in Frameworks */ = {isa = PBXBuildFile; fileRef = 67508C15142A204D00FDF1BC /* UIKit.framework */; };
		67508C18142A204D00FDF1BC /* Foundation.framework in Frameworks */ = {isa = PBXBuildFile; fileRef = 67508C17142A204D00FDF1BC /* Foundation.framework */; };
		67508C1A142A204D00FDF1BC /* CoreGraphics.framework in Frameworks */ = {isa = PBXBuildFile; fileRef = 67508C19142A204D00FDF1BC /* CoreGraphics.framework */; };
		67508C20142A204D00FDF1BC /* InfoPlist.strings in Resources */ = {isa = PBXBuildFile; fileRef = 67508C1E142A204D00FDF1BC /* InfoPlist.strings */; };
		67508C22142A204D00FDF1BC /* main.m in Sources */ = {isa = PBXBuildFile; fileRef = 67508C21142A204D00FDF1BC /* main.m */; };
		67508C26142A204D00FDF1BC /* RentalManagerAppDelegate.m in Sources */ = {isa = PBXBuildFile; fileRef = 67508C25142A204D00FDF1BC /* RentalManagerAppDelegate.m */; };
		67508C29142A204D00FDF1BC /* MainWindow.xib in Resources */ = {isa = PBXBuildFile; fileRef = 67508C27142A204D00FDF1BC /* MainWindow.xib */; };
		67508C2C142A204D00FDF1BC /* RootViewController.m in Sources */ = {isa = PBXBuildFile; fileRef = 67508C2B142A204D00FDF1BC /* RootViewController.m */; };
		67508C2F142A204D00FDF1BC /* RootViewController.xib in Resources */ = {isa = PBXBuildFile; fileRef = 67508C2D142A204D00FDF1BC /* RootViewController.xib */; };
/* End PBXBuildFile section */

/* Begin PBXFileReference section */
		67508C11142A204D00FDF1BC /* RentalManager.app */ = {isa = PBXFileReference; explicitFileType = wrapper.application; includeInIndex = 0; path = RentalManager.app; sourceTree = BUILT_PRODUCTS_DIR; };
		67508C15142A204D00FDF1BC /* UIKit.framework */ = {isa = PBXFileReference; lastKnownFileType = wrapper.framework; name = UIKit.framework; path = System/Library/Frameworks/UIKit.framework; sourceTree = SDKROOT; };
		67508C17142A204D00FDF1BC /* Foundation.framework */ = {isa = PBXFileReference; lastKnownFileType = wrapper.framework; name = Foundation.framework; path = System/Library/Frameworks/Foundation.framework; sourceTree = SDKROOT; };
		67508C19142A204D00FDF1BC /* CoreGraphics.framework */ = {isa = PBXFileReference; lastKnownFileType = wrapper.framework; name = CoreGraphics.framework; path = System/Library/Frameworks/CoreGraphics.framework; sourceTree = SDKROOT; };
		67508C1D142A204D00FDF1BC /* RentalManager-Info.plist */ = {isa = PBXFileReference; lastKnownFileType = text.plist.xml; path = "RentalManager-Info.plist"; sourceTree = "<group>"; };
		67508C1F142A204D00FDF1BC /* en */ = {isa = PBXFileReference; lastKnownFileType = text.plist.strings; name = en; path = en.lproj/InfoPlist.strings; sourceTree = "<group>"; };
		67508C21142A204D00FDF1BC /* main.m */ = {isa = PBXFileReference; lastKnownFileType = sourcecode.c.objc; path = main.m; sourceTree = "<group>"; };
		67508C23142A204D00FDF1BC /* RentalManager-Prefix.pch */ = {isa = PBXFileReference; lastKnownFileType = sourcecode.c.h; path = "RentalManager-Prefix.pch"; sourceTree = "<group>"; };
		67508C24142A204D00FDF1BC /* RentalManagerAppDelegate.h */ = {isa = PBXFileReference; lastKnownFileType = sourcecode.c.h; path = RentalManagerAppDelegate.h; sourceTree = "<group>"; };
		67508C25142A204D00FDF1BC /* RentalManagerAppDelegate.m */ = {isa = PBXFileReference; lastKnownFileType = sourcecode.c.objc; path = RentalManagerAppDelegate.m; sourceTree = "<group>"; };
		67508C28142A204D00FDF1BC /* en */ = {isa = PBXFileReference; lastKnownFileType = file.xib; name = en; path = en.lproj/MainWindow.xib; sourceTree = "<group>"; };
		67508C2A142A204D00FDF1BC /* RootViewController.h */ = {isa = PBXFileReference; lastKnownFileType = sourcecode.c.h; path = RootViewController.h; sourceTree = "<group>"; };
		67508C2B142A204D00FDF1BC /* RootViewController.m */ = {isa = PBXFileReference; lastKnownFileType = sourcecode.c.objc; path = RootViewController.m; sourceTree = "<group>"; };
		67508C2E142A204D00FDF1BC /* en */ = {isa = PBXFileReference; lastKnownFileType = file.xib; name = en; path = en.lproj/RootViewController.xib; sourceTree = "<group>"; };
/* End PBXFileReference section */

/* Begin PBXFrameworksBuildPhase section */
		67508C0E142A204D00FDF1BC /* Frameworks */ = {
			isa = PBXFrameworksBuildPhase;
			buildActionMask = 2147483647;
			files = (
				67508C16142A204D00FDF1BC /* UIKit.framework in Frameworks */,
				67508C18142A204D00FDF1BC /* Foundation.framework in Frameworks */,
				67508C1A142A204D00FDF1BC /* CoreGraphics.framework in Frameworks */,
			);
			runOnlyForDeploymentPostprocessing = 0;
		};
/* End PBXFrameworksBuildPhase section */

/* Begin PBXGroup section */
		67508C06142A204D00FDF1BC = {
			isa = PBXGroup;
			children = (
				67508C1B142A204D00FDF1BC /* RentalManager */,
				67508C14142A204D00FDF1BC /* Frameworks */,
				67508C12142A204D00FDF1BC /* Products */,
			);
			sourceTree = "<group>";
		};
		67508C12142A204D00FDF1BC /* Products */ = {
			isa = PBXGroup;
			children = (
				67508C11142A204D00FDF1BC /* RentalManager.app */,
			);
			name = Products;
			sourceTree = "<group>";
		};
		67508C14142A204D00FDF1BC /* Frameworks */ = {
			isa = PBXGroup;
			children = (
				67508C15142A204D00FDF1BC /* UIKit.framework */,
				67508C17142A204D00FDF1BC /* Foundation.framework */,
				67508C19142A204D00FDF1BC /* CoreGraphics.framework */,
			);
			name = Frameworks;
			sourceTree = "<group>";
		};
		67508C1B142A204D00FDF1BC /* RentalManager */ = {
			isa = PBXGroup;
			children = (
				67508C24142A204D00FDF1BC /* RentalManagerAppDelegate.h */,
				67508C25142A204D00FDF1BC /* RentalManagerAppDelegate.m */,
				67508C27142A204D00FDF1BC /* MainWindow.xib */,
				67508C2A142A204D00FDF1BC /* RootViewController.h */,
				67508C2B142A204D00FDF1BC /* RootViewController.m */,
				67508C2D142A204D00FDF1BC /* RootViewController.xib */,
				67508C1C142A204D00FDF1BC /* Supporting Files */,
			);
			path = RentalManager;
			sourceTree = "<group>";
		};
		67508C1C142A204D00FDF1BC /* Supporting Files */ = {
			isa = PBXGroup;
			children = (
				67508C1D142A204D00FDF1BC /* RentalManager-Info.plist */,
				67508C1E142A204D00FDF1BC /* InfoPlist.strings */,
				67508C21142A204D00FDF1BC /* main.m */,
				67508C23142A204D00FDF1BC /* RentalManager-Prefix.pch */,
			);
			name = "Supporting Files";
			sourceTree = "<group>";
		};
/* End PBXGroup section */

/* Begin PBXNativeTarget section */
		67508C10142A204D00FDF1BC /* RentalManager */ = {
			isa = PBXNativeTarget;
			buildConfigurationList = 67508C32142A204D00FDF1BC /* Build configuration list for PBXNativeTarget "RentalManager" */;
			buildPhases = (
				67508C0D142A204D00FDF1BC /* Sources */,
				67508C0E142A204D00FDF1BC /* Frameworks */,
				67508C0F142A204D00FDF1BC /* Resources */,
			);
			buildRules = (
			);
			dependencies = (
			);
			name = RentalManager;
			productName = RentalManager;
			productReference = 67508C11142A204D00FDF1BC /* RentalManager.app */;
			productType = "com.apple.product-type.application";
		};
/* End PBXNativeTarget section */

/* Begin PBXProject section */
		67508C08142A204D00FDF1BC /* Project object */ = {
			isa = PBXProject;
			attributes = {
				ORGANIZATIONNAME = "Deployment Zone";
			};
			buildConfigurationList = 67508C0B142A204D00FDF1BC /* Build configuration list for PBXProject "RentalManager" */;
			compatibilityVersion = "Xcode 3.2";
			developmentRegion = English;
			hasScannedForEncodings = 0;
			knownRegions = (
				en,
			);
			mainGroup = 67508C06142A204D00FDF1BC;
			productRefGroup = 67508C12142A204D00FDF1BC /* Products */;
			projectDirPath = "";
			projectRoot = "";
			targets = (
				67508C10142A204D00FDF1BC /* RentalManager */,
			);
		};
/* End PBXProject section */

/* Begin PBXResourcesBuildPhase section */
		67508C0F142A204D00FDF1BC /* Resources */ = {
			isa = PBXResourcesBuildPhase;
			buildActionMask = 2147483647;
			files = (
				67508C20142A204D00FDF1BC /* InfoPlist.strings in Resources */,
				67508C29142A204D00FDF1BC /* MainWindow.xib in Resources */,
				67508C2F142A204D00FDF1BC /* RootViewController.xib in Resources */,
			);
			runOnlyForDeploymentPostprocessing = 0;
		};
/* End PBXResourcesBuildPhase section */

/* Begin PBXSourcesBuildPhase section */
		67508C0D142A204D00FDF1BC /* Sources */ = {
			isa = PBXSourcesBuildPhase;
			buildActionMask = 2147483647;
			files = (
				67508C22142A204D00FDF1BC /* main.m in Sources */,
				67508C26142A204D00FDF1BC /* RentalManagerAppDelegate.m in Sources */,
				67508C2C142A204D00FDF1BC /* RootViewController.m in Sources */,
			);
			runOnlyForDeploymentPostprocessing = 0;
		};
/* End PBXSourcesBuildPhase section */

/* Begin PBXVariantGroup section */
		67508C1E142A204D00FDF1BC /* InfoPlist.strings */ = {
			isa = PBXVariantGroup;
			children = (
				67508C1F142A204D00FDF1BC /* en */,
			);
			name = InfoPlist.strings;
			sourceTree = "<group>";
		};
		67508C27142A204D00FDF1BC /* MainWindow.xib */ = {
			isa = PBXVariantGroup;
			children = (
				67508C28142A204D00FDF1BC /* en */,
			);
			name = MainWindow.xib;
			sourceTree = "<group>";
		};
		67508C2D142A204D00FDF1BC /* RootViewController.xib */ = {
			isa = PBXVariantGroup;
			children = (
				67508C2E142A204D00FDF1BC /* en */,
			);
			name = RootViewController.xib;
			sourceTree = "<group>";
		};
/* End PBXVariantGroup section */

/* Begin XCBuildConfiguration section */
		67508C30142A204D00FDF1BC /* Debug */ = {
			isa = XCBuildConfiguration;
			buildSettings = {
				ALWAYS_SEARCH_USER_PATHS = NO;
				ARCHS = "$(ARCHS_STANDARD_32_BIT)";
				"CODE_SIGN_IDENTITY[sdk=iphoneos*]" = "iPhone Developer";
				COPY_PHASE_STRIP = NO;
				GCC_C_LANGUAGE_STANDARD = gnu99;
				GCC_DYNAMIC_NO_PIC = NO;
				GCC_OPTIMIZATION_LEVEL = 0;
				GCC_PREPROCESSOR_DEFINITIONS = (
					"DEBUG=1",
					"$(inherited)",
				);
				GCC_SYMBOLS_PRIVATE_EXTERN = NO;
				GCC_VERSION = com.apple.compilers.llvmgcc42;
				GCC_WARN_ABOUT_MISSING_PROTOTYPES = YES;
				GCC_WARN_ABOUT_RETURN_TYPE = YES;
				GCC_WARN_UNUSED_VARIABLE = YES;
				IPHONEOS_DEPLOYMENT_TARGET = 4.3;
				SDKROOT = iphoneos;
			};
			name = Debug;
		};
		67508C31142A204D00FDF1BC /* Release */ = {
			isa = XCBuildConfiguration;
			buildSettings = {
				ALWAYS_SEARCH_USER_PATHS = NO;
				ARCHS = "$(ARCHS_STANDARD_32_BIT)";
				"CODE_SIGN_IDENTITY[sdk=iphoneos*]" = "iPhone Developer";
				COPY_PHASE_STRIP = YES;
				GCC_C_LANGUAGE_STANDARD = gnu99;
				GCC_VERSION = com.apple.compilers.llvmgcc42;
				GCC_WARN_ABOUT_MISSING_PROTOTYPES = YES;
				GCC_WARN_ABOUT_RETURN_TYPE = YES;
				GCC_WARN_UNUSED_VARIABLE = YES;
				IPHONEOS_DEPLOYMENT_TARGET = 4.3;
				OTHER_CFLAGS = "-DNS_BLOCK_ASSERTIONS=1";
				SDKROOT = iphoneos;
				VALIDATE_PRODUCT = YES;
			};
			name = Release;
		};
		67508C33142A204D00FDF1BC /* Debug */ = {
			isa = XCBuildConfiguration;
			buildSettings = {
				GCC_PRECOMPILE_PREFIX_HEADER = YES;
				GCC_PREFIX_HEADER = "RentalManager/RentalManager-Prefix.pch";
				INFOPLIST_FILE = "RentalManager/RentalManager-Info.plist";
				PRODUCT_NAME = "$(TARGET_NAME)";
				WRAPPER_EXTENSION = app;
			};
			name = Debug;
		};
		67508C34142A204D00FDF1BC /* Release */ = {
			isa = XCBuildConfiguration;
			buildSettings = {
				GCC_PRECOMPILE_PREFIX_HEADER = YES;
				GCC_PREFIX_HEADER = "RentalManager/RentalManager-Prefix.pch";
				INFOPLIST_FILE = "RentalManager/RentalManager-Info.plist";
				PRODUCT_NAME = "$(TARGET_NAME)";
				WRAPPER_EXTENSION = app;
			};
			name = Release;
		};
/* End XCBuildConfiguration section */

/* Begin XCConfigurationList section */
		67508C0B142A204D00FDF1BC /* Build configuration list for PBXProject "RentalManager" */ = {
			isa = XCConfigurationList;
			buildConfigurations = (
				67508C30142A204D00FDF1BC /* Debug */,
				67508C31142A204D00FDF1BC /* Release */,
			);
			defaultConfigurationIsVisible = 0;
			defaultConfigurationName = Release;
		};
		67508C32142A204D00FDF1BC /* Build configuration list for PBXNativeTarget "RentalManager" */ = {
			isa = XCConfigurationList;
			buildConfigurations = (
				67508C33142A204D00FDF1BC /* Debug */,
				67508C34142A204D00FDF1BC /* Release */,
			);
			defaultConfigurationIsVisible = 0;
		};
/* End XCConfigurationList section */
	};
	rootObject = 67508C08142A204D00FDF1BC /* Project object */;
}
